
Microsoft Visual Studio Solution File, Format Version 12.00
# Visual Studio Version 17
VisualStudioVersion = 17.10.35122.118
MinimumVisualStudioVersion = 10.0.40219.1
Project("{FAE04EC0-301F-11D3-BF4B-00C04F79EFBC}") = "WebBanSach", "WebBanSach\WebBanSach.csproj", "{11533CE7-AE0B-4ABE-844F-0885436C2CEB}"
EndProject
Global
	GlobalSection(SolutionConfigurationPlatforms) = preSolution
		Debug|Any CPU = Debug|Any CPU
		Release|Any CPU = Release|Any CPU
	EndGlobalSection
	GlobalSection(ProjectConfigurationPlatforms) = postSolution
		{11533CE7-AE0B-4ABE-844F-0885436C2CEB}.Debug|Any CPU.ActiveCfg = Debug|Any CPU
		{11533CE7-AE0B-4ABE-844F-0885436C2CEB}.Debug|Any CPU.Build.0 = Debug|Any CPU
		{11533CE7-AE0B-4ABE-844F-0885436C2CEB}.Release|Any CPU.ActiveCfg = Release|Any CPU
		{11533CE7-AE0B-4ABE-844F-0885436C2CEB}.Release|Any CPU.Build.0 = Release|Any CPU
	EndGlobalSection
	GlobalSection(SolutionProperties) = preSolution
		HideSolutionNode = FALSE
	EndGlobalSection
	GlobalSection(ExtensibilityGlobals) = postSolution
		SolutionGuid = {B5430BC9-1278-4266-B213-06AA2A300E82}
	EndGlobalSection
EndGlobal
